# generated by rye
# use `rye lock` or `rye sync` to update this lockfile
#
# last locked with the following flags:
#   pre: false
#   features: []
#   all-features: false
#   with-sources: false
#   generate-hashes: false
#   universal: false

annotated-types==0.7.0
    # via pydantic
attrs==24.2.0
    # via cattrs
cattrs==24.1.0
multimethod==1.10
    # via pandera
mypy-extensions==1.0.0
    # via typing-inspect
numpy==2.1.1
    # via pandas
    # via pandera
packaging==24.1
    # via pandera
pandas==2.2.2
    # via pandera
pandera==0.20.4
pydantic==2.8.2
    # via pandera
pydantic-core==2.20.1
    # via pydantic
python-dateutil==2.9.0.post0
    # via pandas
pytz==2024.1
    # via pandas
six==1.16.0
    # via python-dateutil
typeguard==4.3.0
    # via pandera
typing-extensions==4.12.2
    # via pydantic
    # via pydantic-core
    # via typeguard
    # via typing-inspect
typing-inspect==0.9.0
    # via pandera
tzdata==2024.1
    # via pandas
wrapt==1.16.0
    # via pandera
